// !$*UTF8*$!
{
	archiveVersion = 1;
	classes = {
	};
	objectVersion = 46;
	objects = {

/* Begin PBXBuildFile section */
		29EFDE781DF326620010517C /* AppDelegate.swift in Sources */ = {isa = PBXBuildFile; fileRef = 29EFDE771DF326620010517C /* AppDelegate.swift */; };
		29EFDE7A1DF326620010517C /* ViewController.swift in Sources */ = {isa = PBXBuildFile; fileRef = 29EFDE791DF326620010517C /* ViewController.swift */; };
		29EFDE7D1DF326620010517C /* Main.storyboard in Resources */ = {isa = PBXBuildFile; fileRef = 29EFDE7B1DF326620010517C /* Main.storyboard */; };
		29EFDE7F1DF326620010517C /* Assets.xcassets in Resources */ = {isa = PBXBuildFile; fileRef = 29EFDE7E1DF326620010517C /* Assets.xcassets */; };
		29EFDE821DF326620010517C /* LaunchScreen.storyboard in Resources */ = {isa = PBXBuildFile; fileRef = 29EFDE801DF326620010517C /* LaunchScreen.storyboard */; };
		29EFDE8D1DF326620010517C /* AFShamsiDateConvertTests.swift in Sources */ = {isa = PBXBuildFile; fileRef = 29EFDE8C1DF326620010517C /* AFShamsiDateConvertTests.swift */; };
		29EFDE981DF326620010517C /* AFShamsiDateConvertUITests.swift in Sources */ = {isa = PBXBuildFile; fileRef = 29EFDE971DF326620010517C /* AFShamsiDateConvertUITests.swift */; };
/* End PBXBuildFile section */

/* Begin PBXContainerItemProxy section */
		29EFDE891DF326620010517C /* PBXContainerItemProxy */ = {
			isa = PBXContainerItemProxy;
			containerPortal = 29EFDE6C1DF326620010517C /* Project object */;
			proxyType = 1;
			remoteGlobalIDString = 29EFDE731DF326620010517C;
			remoteInfo = AFShamsiDateConvert;
		};
		29EFDE941DF326620010517C /* PBXContainerItemProxy */ = {
			isa = PBXContainerItemProxy;
			containerPortal = 29EFDE6C1DF326620010517C /* Project object */;
			proxyType = 1;
			remoteGlobalIDString = 29EFDE731DF326620010517C;
			remoteInfo = AFShamsiDateConvert;
		};
/* End PBXContainerItemProxy section */

/* Begin PBXFileReference section */
		29EFDE741DF326620010517C /* AFShamsiDateConvert.app */ = {isa = PBXFileReference; explicitFileType = wrapper.application; includeInIndex = 0; path = AFShamsiDateConvert.app; sourceTree = BUILT_PRODUCTS_DIR; };
		29EFDE771DF326620010517C /* AppDelegate.swift */ = {isa = PBXFileReference; lastKnownFileType = sourcecode.swift; path = AppDelegate.swift; sourceTree = "<group>"; };
		29EFDE791DF326620010517C /* ViewController.swift */ = {isa = PBXFileReference; lastKnownFileType = sourcecode.swift; path = ViewController.swift; sourceTree = "<group>"; };
		29EFDE7C1DF326620010517C /* Base */ = {isa = PBXFileReference; lastKnownFileType = file.storyboard; name = Base; path = Base.lproj/Main.storyboard; sourceTree = "<group>"; };
		29EFDE7E1DF326620010517C /* Assets.xcassets */ = {isa = PBXFileReference; lastKnownFileType = folder.assetcatalog; path = Assets.xcassets; sourceTree = "<group>"; };
		29EFDE811DF326620010517C /* Base */ = {isa = PBXFileReference; lastKnownFileType = file.storyboard; name = Base; path = Base.lproj/LaunchScreen.storyboard; sourceTree = "<group>"; };
		29EFDE831DF326620010517C /* Info.plist */ = {isa = PBXFileReference; lastKnownFileType = text.plist.xml; path = Info.plist; sourceTree = "<group>"; };
		29EFDE881DF326620010517C /* AFShamsiDateConvertTests.xctest */ = {isa = PBXFileReference; explicitFileType = wrapper.cfbundle; includeInIndex = 0; path = AFShamsiDateConvertTests.xctest; sourceTree = BUILT_PRODUCTS_DIR; };
		29EFDE8C1DF326620010517C /* AFShamsiDateConvertTests.swift */ = {isa = PBXFileReference; lastKnownFileType = sourcecode.swift; path = AFShamsiDateConvertTests.swift; sourceTree = "<group>"; };
		29EFDE8E1DF326620010517C /* Info.plist */ = {isa = PBXFileReference; lastKnownFileType = text.plist.xml; path = Info.plist; sourceTree = "<group>"; };
		29EFDE931DF326620010517C /* AFShamsiDateConvertUITests.xctest */ = {isa = PBXFileReference; explicitFileType = wrapper.cfbundle; includeInIndex = 0; path = AFShamsiDateConvertUITests.xctest; sourceTree = BUILT_PRODUCTS_DIR; };
		29EFDE971DF326620010517C /* AFShamsiDateConvertUITests.swift */ = {isa = PBXFileReference; lastKnownFileType = sourcecode.swift; path = AFShamsiDateConvertUITests.swift; sourceTree = "<group>"; };
		29EFDE991DF326620010517C /* Info.plist */ = {isa = PBXFileReference; lastKnownFileType = text.plist.xml; path = Info.plist; sourceTree = "<group>"; };
/* End PBXFileReference section */

/* Begin PBXFrameworksBuildPhase section */
		29EFDE711DF326620010517C /* Frameworks */ = {
			isa = PBXFrameworksBuildPhase;
			buildActionMask = 2147483647;
			files = (
			);
			runOnlyForDeploymentPostprocessing = 0;
		};
		29EFDE851DF326620010517C /* Frameworks */ = {
			isa = PBXFrameworksBuildPhase;
			buildActionMask = 2147483647;
			files = (
			);
			runOnlyForDeploymentPostprocessing = 0;
		};
		29EFDE901DF326620010517C /* Frameworks */ = {
			isa = PBXFrameworksBuildPhase;
			buildActionMask = 2147483647;
			files = (
			);
			runOnlyForDeploymentPostprocessing = 0;
		};
/* End PBXFrameworksBuildPhase section */

/* Begin PBXGroup section */
		29EFDE6B1DF326620010517C = {
			isa = PBXGroup;
			children = (
				29EFDE761DF326620010517C /* AFShamsiDateConvert */,
				29EFDE8B1DF326620010517C /* AFShamsiDateConvertTests */,
				29EFDE961DF326620010517C /* AFShamsiDateConvertUITests */,
				29EFDE751DF326620010517C /* Products */,
			);
			sourceTree = "<group>";
		};
		29EFDE751DF326620010517C /* Products */ = {
			isa = PBXGroup;
			children = (
				29EFDE741DF326620010517C /* AFShamsiDateConvert.app */,
				29EFDE881DF326620010517C /* AFShamsiDateConvertTests.xctest */,
				29EFDE931DF326620010517C /* AFShamsiDateConvertUITests.xctest */,
			);
			name = Products;
			sourceTree = "<group>";
		};
		29EFDE761DF326620010517C /* AFShamsiDateConvert */ = {
			isa = PBXGroup;
			children = (
				29EFDE771DF326620010517C /* AppDelegate.swift */,
				29EFDE791DF326620010517C /* ViewController.swift */,
				29EFDE7B1DF326620010517C /* Main.storyboard */,
				29EFDE7E1DF326620010517C /* Assets.xcassets */,
				29EFDE801DF326620010517C /* LaunchScreen.storyboard */,
				29EFDE831DF326620010517C /* Info.plist */,
			);
			path = AFShamsiDateConvert;
			sourceTree = "<group>";
		};
		29EFDE8B1DF326620010517C /* AFShamsiDateConvertTests */ = {
			isa = PBXGroup;
			children = (
				29EFDE8C1DF326620010517C /* AFShamsiDateConvertTests.swift */,
				29EFDE8E1DF326620010517C /* Info.plist */,
			);
			path = AFShamsiDateConvertTests;
			sourceTree = "<group>";
		};
		29EFDE961DF326620010517C /* AFShamsiDateConvertUITests */ = {
			isa = PBXGroup;
			children = (
				29EFDE971DF326620010517C /* AFShamsiDateConvertUITests.swift */,
				29EFDE991DF326620010517C /* Info.plist */,
			);
			path = AFShamsiDateConvertUITests;
			sourceTree = "<group>";
		};
/* End PBXGroup section */

/* Begin PBXNativeTarget section */
		29EFDE731DF326620010517C /* AFShamsiDateConvert */ = {
			isa = PBXNativeTarget;
			buildConfigurationList = 29EFDE9C1DF326620010517C /* Build configuration list for PBXNativeTarget "AFShamsiDateConvert" */;
			buildPhases = (
				29EFDE701DF326620010517C /* Sources */,
				29EFDE711DF326620010517C /* Frameworks */,
				29EFDE721DF326620010517C /* Resources */,
			);
			buildRules = (
			);
			dependencies = (
			);
			name = AFShamsiDateConvert;
			productName = AFShamsiDateConvert;
			productReference = 29EFDE741DF326620010517C /* AFShamsiDateConvert.app */;
			productType = "com.apple.product-type.application";
		};
		29EFDE871DF326620010517C /* AFShamsiDateConvertTests */ = {
			isa = PBXNativeTarget;
			buildConfigurationList = 29EFDE9F1DF326620010517C /* Build configuration list for PBXNativeTarget "AFShamsiDateConvertTests" */;
			buildPhases = (
				29EFDE841DF326620010517C /* Sources */,
				29EFDE851DF326620010517C /* Frameworks */,
				29EFDE861DF326620010517C /* Resources */,
			);
			buildRules = (
			);
			dependencies = (
				29EFDE8A1DF326620010517C /* PBXTargetDependency */,
			);
			name = AFShamsiDateConvertTests;
			productName = AFShamsiDateConvertTests;
			productReference = 29EFDE881DF326620010517C /* AFShamsiDateConvertTests.xctest */;
			productType = "com.apple.product-type.bundle.unit-test";
		};
		29EFDE921DF326620010517C /* AFShamsiDateConvertUITests */ = {
			isa = PBXNativeTarget;
			buildConfigurationList = 29EFDEA21DF326620010517C /* Build configuration list for PBXNativeTarget "AFShamsiDateConvertUITests" */;
			buildPhases = (
				29EFDE8F1DF326620010517C /* Sources */,
				29EFDE901DF326620010517C /* Frameworks */,
				29EFDE911DF326620010517C /* Resources */,
			);
			buildRules = (
			);
			dependencies = (
				29EFDE951DF326620010517C /* PBXTargetDependency */,
			);
			name = AFShamsiDateConvertUITests;
			productName = AFShamsiDateConvertUITests;
			productReference = 29EFDE931DF326620010517C /* AFShamsiDateConvertUITests.xctest */;
			productType = "com.apple.product-type.bundle.ui-testing";
		};
/* End PBXNativeTarget section */

/* Begin PBXProject section */
		29EFDE6C1DF326620010517C /* Project object */ = {
			isa = PBXProject;
			attributes = {
				LastSwiftUpdateCheck = 0800;
				LastUpgradeCheck = 0800;
				ORGANIZATIONNAME = Emersad;
				TargetAttributes = {
					29EFDE731DF326620010517C = {
						CreatedOnToolsVersion = 8.0;
						DevelopmentTeam = R32459M72F;
						ProvisioningStyle = Automatic;
					};
					29EFDE871DF326620010517C = {
						CreatedOnToolsVersion = 8.0;
						DevelopmentTeam = R32459M72F;
						ProvisioningStyle = Automatic;
						TestTargetID = 29EFDE731DF326620010517C;
					};
					29EFDE921DF326620010517C = {
						CreatedOnToolsVersion = 8.0;
						DevelopmentTeam = R32459M72F;
						ProvisioningStyle = Automatic;
						TestTargetID = 29EFDE731DF326620010517C;
					};
				};
			};
			buildConfigurationList = 29EFDE6F1DF326620010517C /* Build configuration list for PBXProject "AFShamsiDateConvert" */;
			compatibilityVersion = "Xcode 3.2";
			developmentRegion = English;
			hasScannedForEncodings = 0;
			knownRegions = (
				en,
				Base,
			);
			mainGroup = 29EFDE6B1DF326620010517C;
			productRefGroup = 29EFDE751DF326620010517C /* Products */;
			projectDirPath = "";
			projectRoot = "";
			targets = (
				29EFDE731DF326620010517C /* AFShamsiDateConvert */,
				29EFDE871DF326620010517C /* AFShamsiDateConvertTests */,
				29EFDE921DF326620010517C /* AFShamsiDateConvertUITests */,
			);
		};
/* End PBXProject section */

/* Begin PBXResourcesBuildPhase section */
		29EFDE721DF326620010517C /* Resources */ = {
			isa = PBXResourcesBuildPhase;
			buildActionMask = 2147483647;
			files = (
				29EFDE821DF326620010517C /* LaunchScreen.storyboard in Resources */,
				29EFDE7F1DF326620010517C /* Assets.xcassets in Resources */,
				29EFDE7D1DF326620010517C /* Main.storyboard in Resources */,
			);
			runOnlyForDeploymentPostprocessing = 0;
		};
		29EFDE861DF326620010517C /* Resources */ = {
			isa = PBXResourcesBuildPhase;
			buildActionMask = 2147483647;
			files = (
			);
			runOnlyForDeploymentPostprocessing = 0;
		};
		29EFDE911DF326620010517C /* Resources */ = {
			isa = PBXResourcesBuildPhase;
			buildActionMask = 2147483647;
			files = (
			);
			runOnlyForDeploymentPostprocessing = 0;
		};
/* End PBXResourcesBuildPhase section */

/* Begin PBXSourcesBuildPhase section */
		29EFDE701DF326620010517C /* Sources */ = {
			isa = PBXSourcesBuildPhase;
			buildActionMask = 2147483647;
			files = (
				29EFDE7A1DF326620010517C /* ViewController.swift in Sources */,
				29EFDE781DF326620010517C /* AppDelegate.swift in Sources */,
			);
			runOnlyForDeploymentPostprocessing = 0;
		};
		29EFDE841DF326620010517C /* Sources */ = {
			isa = PBXSourcesBuildPhase;
			buildActionMask = 2147483647;
			files = (
				29EFDE8D1DF326620010517C /* AFShamsiDateConvertTests.swift in Sources */,
			);
			runOnlyForDeploymentPostprocessing = 0;
		};
		29EFDE8F1DF326620010517C /* Sources */ = {
			isa = PBXSourcesBuildPhase;
			buildActionMask = 2147483647;
			files = (
				29EFDE981DF326620010517C /* AFShamsiDateConvertUITests.swift in Sources */,
			);
			runOnlyForDeploymentPostprocessing = 0;
		};
/* End PBXSourcesBuildPhase section */

/* Begin PBXTargetDependency section */
		29EFDE8A1DF326620010517C /* PBXTargetDependency */ = {
			isa = PBXTargetDependency;
			target = 29EFDE731DF326620010517C /* AFShamsiDateConvert */;
			targetProxy = 29EFDE891DF326620010517C /* PBXContainerItemProxy */;
		};
		29EFDE951DF326620010517C /* PBXTargetDependency */ = {
			isa = PBXTargetDependency;
			target = 29EFDE731DF326620010517C /* AFShamsiDateConvert */;
			targetProxy = 29EFDE941DF326620010517C /* PBXContainerItemProxy */;
		};
/* End PBXTargetDependency section */

/* Begin PBXVariantGroup section */
		29EFDE7B1DF326620010517C /* Main.storyboard */ = {
			isa = PBXVariantGroup;
			children = (
				29EFDE7C1DF326620010517C /* Base */,
			);
			name = Main.storyboard;
			sourceTree = "<group>";
		};
		29EFDE801DF326620010517C /* LaunchScreen.storyboard */ = {
			isa = PBXVariantGroup;
			children = (
				29EFDE811DF326620010517C /* Base */,
			);
			name = LaunchScreen.storyboard;
			sourceTree = "<group>";
		};
/* End PBXVariantGroup section */

/* Begin XCBuildConfiguration section */
		29EFDE9A1DF326620010517C /* Debug */ = {
			isa = XCBuildConfiguration;
			buildSettings = {
				ALWAYS_SEARCH_USER_PATHS = NO;
				CLANG_ANALYZER_NONNULL = YES;
				CLANG_CXX_LANGUAGE_STANDARD = "gnu++0x";
				CLANG_CXX_LIBRARY = "libc++";
				CLANG_ENABLE_MODULES = YES;
				CLANG_ENABLE_OBJC_ARC = YES;
				CLANG_WARN_BOOL_CONVERSION = YES;
				CLANG_WARN_CONSTANT_CONVERSION = YES;
				CLANG_WARN_DIRECT_OBJC_ISA_USAGE = YES_ERROR;
				CLANG_WARN_DOCUMENTATION_COMMENTS = YES;
				CLANG_WARN_EMPTY_BODY = YES;
				CLANG_WARN_ENUM_CONVERSION = YES;
				CLANG_WARN_INFINITE_RECURSION = YES;
				CLANG_WARN_INT_CONVERSION = YES;
				CLANG_WARN_OBJC_ROOT_CLASS = YES_ERROR;
				CLANG_WARN_SUSPICIOUS_MOVES = YES;
				CLANG_WARN_UNREACHABLE_CODE = YES;
				CLANG_WARN__DUPLICATE_METHOD_MATCH = YES;
				"CODE_SIGN_IDENTITY[sdk=iphoneos*]" = "iPhone Developer";
				COPY_PHASE_STRIP = NO;
				DEBUG_INFORMATION_FORMAT = dwarf;
				ENABLE_STRICT_OBJC_MSGSEND = YES;
				ENABLE_TESTABILITY = YES;
				GCC_C_LANGUAGE_STANDARD = gnu99;
				GCC_DYNAMIC_NO_PIC = NO;
				GCC_NO_COMMON_BLOCKS = YES;
				GCC_OPTIMIZATION_LEVEL = 0;
				GCC_PREPROCESSOR_DEFINITIONS = (
					"DEBUG=1",
					"$(inherited)",
				);
				GCC_WARN_64_TO_32_BIT_CONVERSION = YES;
				GCC_WARN_ABOUT_RETURN_TYPE = YES_ERROR;
				GCC_WARN_UNDECLARED_SELECTOR = YES;
				GCC_WARN_UNINITIALIZED_AUTOS = YES_AGGRESSIVE;
				GCC_WARN_UNUSED_FUNCTION = YES;
				GCC_WARN_UNUSED_VARIABLE = YES;
				IPHONEOS_DEPLOYMENT_TARGET = 10.0;
				MTL_ENABLE_DEBUG_INFO = YES;
				ONLY_ACTIVE_ARCH = YES;
				SDKROOT = iphoneos;
				SWIFT_ACTIVE_COMPILATION_CONDITIONS = DEBUG;
				SWIFT_OPTIMIZATION_LEVEL = "-Onone";
			};
			name = Debug;
		};
		29EFDE9B1DF326620010517C /* Release */ = {
			isa = XCBuildConfiguration;
			buildSettings = {
				ALWAYS_SEARCH_USER_PATHS = NO;
				CLANG_ANALYZER_NONNULL = YES;
				CLANG_CXX_LANGUAGE_STANDARD = "gnu++0x";
				CLANG_CXX_LIBRARY = "libc++";
				CLANG_ENABLE_MODULES = YES;
				CLANG_ENABLE_OBJC_ARC = YES;
				CLANG_WARN_BOOL_CONVERSION = YES;
				CLANG_WARN_CONSTANT_CONVERSION = YES;
				CLANG_WARN_DIRECT_OBJC_ISA_USAGE = YES_ERROR;
				CLANG_WARN_DOCUMENTATION_COMMENTS = YES;
				CLANG_WARN_EMPTY_BODY = YES;
				CLANG_WARN_ENUM_CONVERSION = YES;
				CLANG_WARN_INFINITE_RECURSION = YES;
				CLANG_WARN_INT_CONVERSION = YES;
				CLANG_WARN_OBJC_ROOT_CLASS = YES_ERROR;
				CLANG_WARN_SUSPICIOUS_MOVES = YES;
				CLANG_WARN_UNREACHABLE_CODE = YES;
				CLANG_WARN__DUPLICATE_METHOD_MATCH = YES;
				"CODE_SIGN_IDENTITY[sdk=iphoneos*]" = "iPhone Developer";
				COPY_PHASE_STRIP = NO;
				DEBUG_INFORMATION_FORMAT = "dwarf-with-dsym";
				ENABLE_NS_ASSERTIONS = NO;
				ENABLE_STRICT_OBJC_MSGSEND = YES;
				GCC_C_LANGUAGE_STANDARD = gnu99;
				GCC_NO_COMMON_BLOCKS = YES;
				GCC_WARN_64_TO_32_BIT_CONVERSION = YES;
				GCC_WARN_ABOUT_RETURN_TYPE = YES_ERROR;
				GCC_WARN_UNDECLARED_SELECTOR = YES;
				GCC_WARN_UNINITIALIZED_AUTOS = YES_AGGRESSIVE;
				GCC_WARN_UNUSED_FUNCTION = YES;
				GCC_WARN_UNUSED_VARIABLE = YES;
				IPHONEOS_DEPLOYMENT_TARGET = 10.0;
				MTL_ENABLE_DEBUG_INFO = NO;
				SDKROOT = iphoneos;
				SWIFT_OPTIMIZATION_LEVEL = "-Owholemodule";
				VALIDATE_PRODUCT = YES;
			};
			name = Release;
		};
		29EFDE9D1DF326620010517C /* Debug */ = {
			isa = XCBuildConfiguration;
			buildSettings = {
				ASSETCATALOG_COMPILER_APPICON_NAME = AppIcon;
				DEVELOPMENT_TEAM = R32459M72F;
				INFOPLIST_FILE = AFShamsiDateConvert/Info.plist;
				LD_RUNPATH_SEARCH_PATHS = "$(inherited) @executable_path/Frameworks";
				PRODUCT_BUNDLE_IDENTIFIER = net.emersad.AFShamsiDateConvert;
				PRODUCT_NAME = "$(TARGET_NAME)";
				SWIFT_VERSION = 3.0;
			};
			name = Debug;
		};
		29EFDE9E1DF326620010517C /* Release */ = {
			isa = XCBuildConfiguration;
			buildSettings = {
				ASSETCATALOG_COMPILER_APPICON_NAME = AppIcon;
				DEVELOPMENT_TEAM = R32459M72F;
				INFOPLIST_FILE = AFShamsiDateConvert/Info.plist;
				LD_RUNPATH_SEARCH_PATHS = "$(inherited) @executable_path/Frameworks";
				PRODUCT_BUNDLE_IDENTIFIER = net.emersad.AFShamsiDateConvert;
				PRODUCT_NAME = "$(TARGET_NAME)";
				SWIFT_VERSION = 3.0;
			};
			name = Release;
		};
		29EFDEA01DF326620010517C /* Debug */ = {
			isa = XCBuildConfiguration;
			buildSettings = {
				ALWAYS_EMBED_SWIFT_STANDARD_LIBRARIES = YES;
				BUNDLE_LOADER = "$(TEST_HOST)";
				DEVELOPMENT_TEAM = R32459M72F;
				INFOPLIST_FILE = AFShamsiDateConvertTests/Info.plist;
				LD_RUNPATH_SEARCH_PATHS = "$(inherited) @executable_path/Frameworks @loader_path/Frameworks";
				PRODUCT_BUNDLE_IDENTIFIER = net.emersad.AFShamsiDateConvertTests;
				PRODUCT_NAME = "$(TARGET_NAME)";
				SWIFT_VERSION = 3.0;
				TEST_HOST = "$(BUILT_PRODUCTS_DIR)/AFShamsiDateConvert.app/AFShamsiDateConvert";
			};
			name = Debug;
		};
		29EFDEA11DF326620010517C /* Release */ = {
			isa = XCBuildConfiguration;
			buildSettings = {
				ALWAYS_EMBED_SWIFT_STANDARD_LIBRARIES = YES;
				BUNDLE_LOADER = "$(TEST_HOST)";
				DEVELOPMENT_TEAM = R32459M72F;
				INFOPLIST_FILE = AFShamsiDateConvertTests/Info.plist;
				LD_RUNPATH_SEARCH_PATHS = "$(inherited) @executable_path/Frameworks @loader_path/Frameworks";
				PRODUCT_BUNDLE_IDENTIFIER = net.emersad.AFShamsiDateConvertTests;
				PRODUCT_NAME = "$(TARGET_NAME)";
				SWIFT_VERSION = 3.0;
				TEST_HOST = "$(BUILT_PRODUCTS_DIR)/AFShamsiDateConvert.app/AFShamsiDateConvert";
			};
			name = Release;
		};
		29EFDEA31DF326620010517C /* Debug */ = {
			isa = XCBuildConfiguration;
			buildSettings = {
				ALWAYS_EMBED_SWIFT_STANDARD_LIBRARIES = YES;
				DEVELOPMENT_TEAM = R32459M72F;
				INFOPLIST_FILE = AFShamsiDateConvertUITests/Info.plist;
				LD_RUNPATH_SEARCH_PATHS = "$(inherited) @executable_path/Frameworks @loader_path/Frameworks";
				PRODUCT_BUNDLE_IDENTIFIER = net.emersad.AFShamsiDateConvertUITests;
				PRODUCT_NAME = "$(TARGET_NAME)";
				SWIFT_VERSION = 3.0;
				TEST_TARGET_NAME = AFShamsiDateConvert;
			};
			name = Debug;
		};
		29EFDEA41DF326620010517C /* Release */ = {
			isa = XCBuildConfiguration;
			buildSettings = {
				ALWAYS_EMBED_SWIFT_STANDARD_LIBRARIES = YES;
				DEVELOPMENT_TEAM = R32459M72F;
				INFOPLIST_FILE = AFShamsiDateConvertUITests/Info.plist;
				LD_RUNPATH_SEARCH_PATHS = "$(inherited) @executable_path/Frameworks @loader_path/Frameworks";
				PRODUCT_BUNDLE_IDENTIFIER = net.emersad.AFShamsiDateConvertUITests;
				PRODUCT_NAME = "$(TARGET_NAME)";
				SWIFT_VERSION = 3.0;
				TEST_TARGET_NAME = AFShamsiDateConvert;
			};
			name = Release;
		};
/* End XCBuildConfiguration section */

/* Begin XCConfigurationList section */
		29EFDE6F1DF326620010517C /* Build configuration list for PBXProject "AFShamsiDateConvert" */ = {
			isa = XCConfigurationList;
			buildConfigurations = (
				29EFDE9A1DF326620010517C /* Debug */,
				29EFDE9B1DF326620010517C /* Release */,
			);
			defaultConfigurationIsVisible = 0;
			defaultConfigurationName = Release;
		};
		29EFDE9C1DF326620010517C /* Build configuration list for PBXNativeTarget "AFShamsiDateConvert" */ = {
			isa = XCConfigurationList;
			buildConfigurations = (
				29EFDE9D1DF326620010517C /* Debug */,
				29EFDE9E1DF326620010517C /* Release */,
			);
			defaultConfigurationIsVisible = 0;
		};
		29EFDE9F1DF326620010517C /* Build configuration list for PBXNativeTarget "AFShamsiDateConvertTests" */ = {
			isa = XCConfigurationList;
			buildConfigurations = (
				29EFDEA01DF326620010517C /* Debug */,
				29EFDEA11DF326620010517C /* Release */,
			);
			defaultConfigurationIsVisible = 0;
		};
		29EFDEA21DF326620010517C /* Build configuration list for PBXNativeTarget "AFShamsiDateConvertUITests" */ = {
			isa = XCConfigurationList;
			buildConfigurations = (
				29EFDEA31DF326620010517C /* Debug */,
				29EFDEA41DF326620010517C /* Release */,
			);
			defaultConfigurationIsVisible = 0;
		};
/* End XCConfigurationList section */
	};
	rootObject = 29EFDE6C1DF326620010517C /* Project object */;
}
